
Microsoft Visual Studio Solution File, Format Version 12.00
# Visual Studio Version 17
VisualStudioVersion = 17.9.34622.214
MinimumVisualStudioVersion = 10.0.40219.1
Project("{FAE04EC0-301F-11D3-BF4B-00C04F79EFBC}") = "SethMiller-CSharp", "Source\SethMiller-CSharp.csproj", "{619DDD32-8AC7-40E7-9F96-E3A8B6DEB0D5}"
EndProject
Project("{FAE04EC0-301F-11D3-BF4B-00C04F79EFBC}") = "SethMiller-CSharp.Tests", "Tests\SethMiller-CSharp.Tests.csproj", "{E115BBDC-C130-46E5-985E-199913298479}"
EndProject
Global
	GlobalSection(SolutionConfigurationPlatforms) = preSolution
		Debug|Any CPU = Debug|Any CPU
		Release|Any CPU = Release|Any CPU
	EndGlobalSection
	GlobalSection(ProjectConfigurationPlatforms) = postSolution
		{619DDD32-8AC7-40E7-9F96-E3A8B6DEB0D5}.Debug|Any CPU.ActiveCfg = Debug|Any CPU
		{619DDD32-8AC7-40E7-9F96-E3A8B6DEB0D5}.Debug|Any CPU.Build.0 = Debug|Any CPU
		{619DDD32-8AC7-40E7-9F96-E3A8B6DEB0D5}.Release|Any CPU.ActiveCfg = Release|Any CPU
		{619DDD32-8AC7-40E7-9F96-E3A8B6DEB0D5}.Release|Any CPU.Build.0 = Release|Any CPU
		{E115BBDC-C130-46E5-985E-199913298479}.Debug|Any CPU.ActiveCfg = Debug|Any CPU
		{E115BBDC-C130-46E5-985E-199913298479}.Debug|Any CPU.Build.0 = Debug|Any CPU
		{E115BBDC-C130-46E5-985E-199913298479}.Release|Any CPU.ActiveCfg = Release|Any CPU
		{E115BBDC-C130-46E5-985E-199913298479}.Release|Any CPU.Build.0 = Release|Any CPU
	EndGlobalSection
	GlobalSection(SolutionProperties) = preSolution
		HideSolutionNode = FALSE
	EndGlobalSection
	GlobalSection(ExtensibilityGlobals) = postSolution
		SolutionGuid = {3F320836-686E-49DD-B5AC-B8F6DF1C1E19}
	EndGlobalSection
EndGlobal
